Microsoft Visual Studio Solution File, Format Version 12.00
# Visual Studio Version 17
VisualStudioVersion = 17.5.2.0
MinimumVisualStudioVersion = 10.0.40219.1
Project("{FAE04EC0-301F-11D3-BF4B-00C04F79EFBC}") = "MyGtkApp", "MyGtkApp.csproj", "{77EE57D7-A2B5-D4DB-5116-2766298DF4EB}"
EndProject
Global
	GlobalSection(SolutionConfigurationPlatforms) = preSolution
		Debug|Any CPU = Debug|Any CPU
		Release|Any CPU = Release|Any CPU
	EndGlobalSection
	GlobalSection(ProjectConfigurationPlatforms) = postSolution
		{77EE57D7-A2B5-D4DB-5116-2766298DF4EB}.Debug|Any CPU.ActiveCfg = Debug|Any CPU
		{77EE57D7-A2B5-D4DB-5116-2766298DF4EB}.Debug|Any CPU.Build.0 = Debug|Any CPU
		{77EE57D7-A2B5-D4DB-5116-2766298DF4EB}.Release|Any CPU.ActiveCfg = Release|Any CPU
		{77EE57D7-A2B5-D4DB-5116-2766298DF4EB}.Release|Any CPU.Build.0 = Release|Any CPU
	EndGlobalSection
	GlobalSection(SolutionProperties) = preSolution
		HideSolutionNode = FALSE
	EndGlobalSection
	GlobalSection(ExtensibilityGlobals) = postSolution
		SolutionGuid = {C8EDF8D4-79E1-4F7A-B98A-AA55EBB23CB0}
	EndGlobalSection
EndGlobal
